
Microsoft Visual Studio Solution File, Format Version 12.00
# Visual Studio Version 17
VisualStudioVersion = 17.10.35013.160
MinimumVisualStudioVersion = 10.0.40219.1
Project("{FAE04EC0-301F-11D3-BF4B-00C04F79EFBC}") = "Final", "Final\Final.csproj", "{1C1F0084-5A61-4D0A-9094-712B05795A3C}"
EndProject
Global
	GlobalSection(SolutionConfigurationPlatforms) = preSolution
		Debug|Any CPU = Debug|Any CPU
		Release|Any CPU = Release|Any CPU
	EndGlobalSection
	GlobalSection(ProjectConfigurationPlatforms) = postSolution
		{1C1F0084-5A61-4D0A-9094-712B05795A3C}.Debug|Any CPU.ActiveCfg = Debug|Any CPU
		{1C1F0084-5A61-4D0A-9094-712B05795A3C}.Debug|Any CPU.Build.0 = Debug|Any CPU
		{1C1F0084-5A61-4D0A-9094-712B05795A3C}.Release|Any CPU.ActiveCfg = Release|Any CPU
		{1C1F0084-5A61-4D0A-9094-712B05795A3C}.Release|Any CPU.Build.0 = Release|Any CPU
	EndGlobalSection
	GlobalSection(SolutionProperties) = preSolution
		HideSolutionNode = FALSE
	EndGlobalSection
	GlobalSection(ExtensibilityGlobals) = postSolution
		SolutionGuid = {2BE2F741-546C-4F23-AD8B-151B0530B50B}
	EndGlobalSection
EndGlobal
